
Microsoft Visual Studio Solution File, Format Version 12.00
# Visual Studio Version 16
VisualStudioVersion = 16.0.30320.27
MinimumVisualStudioVersion = 10.0.40219.1
Project("{FAE04EC0-301F-11D3-BF4B-00C04F79EFBC}") = "PartUnlimited2Shared", "PartUnlimited2Shared.csproj", "{A44827AF-61C6-46CB-96CC-485F24B56CA3}"
EndProject
Global
	GlobalSection(SolutionConfigurationPlatforms) = preSolution
		Debug|Any CPU = Debug|Any CPU
		Release|Any CPU = Release|Any CPU
	EndGlobalSection
	GlobalSection(ProjectConfigurationPlatforms) = postSolution
		{A44827AF-61C6-46CB-96CC-485F24B56CA3}.Debug|Any CPU.ActiveCfg = Debug|Any CPU
		{A44827AF-61C6-46CB-96CC-485F24B56CA3}.Debug|Any CPU.Build.0 = Debug|Any CPU
		{A44827AF-61C6-46CB-96CC-485F24B56CA3}.Release|Any CPU.ActiveCfg = Release|Any CPU
		{A44827AF-61C6-46CB-96CC-485F24B56CA3}.Release|Any CPU.Build.0 = Release|Any CPU
	EndGlobalSection
	GlobalSection(SolutionProperties) = preSolution
		HideSolutionNode = FALSE
	EndGlobalSection
	GlobalSection(ExtensibilityGlobals) = postSolution
		SolutionGuid = {22AE50B9-0E5E-45BA-B00C-09C534AB391C}
	EndGlobalSection
EndGlobal
